
Microsoft Visual Studio Solution File, Format Version 12.00
# Visual Studio Version 17
VisualStudioVersion = 17.10.34916.146
MinimumVisualStudioVersion = 10.0.40219.1
Project("{FAE04EC0-301F-11D3-BF4B-00C04F79EFBC}") = "ConsoleApp6", "ConsoleApp6\ConsoleApp6.csproj", "{B1F8E94B-5B9F-43A6-B112-AE4CC6C0889B}"
EndProject
Global
	GlobalSection(SolutionConfigurationPlatforms) = preSolution
		Debug|Any CPU = Debug|Any CPU
		Release|Any CPU = Release|Any CPU
	EndGlobalSection
	GlobalSection(ProjectConfigurationPlatforms) = postSolution
		{B1F8E94B-5B9F-43A6-B112-AE4CC6C0889B}.Debug|Any CPU.ActiveCfg = Debug|Any CPU
		{B1F8E94B-5B9F-43A6-B112-AE4CC6C0889B}.Debug|Any CPU.Build.0 = Debug|Any CPU
		{B1F8E94B-5B9F-43A6-B112-AE4CC6C0889B}.Release|Any CPU.ActiveCfg = Release|Any CPU
		{B1F8E94B-5B9F-43A6-B112-AE4CC6C0889B}.Release|Any CPU.Build.0 = Release|Any CPU
	EndGlobalSection
	GlobalSection(SolutionProperties) = preSolution
		HideSolutionNode = FALSE
	EndGlobalSection
	GlobalSection(ExtensibilityGlobals) = postSolution
		SolutionGuid = {35D85C99-2A32-40D2-B8C1-C987CBB3F0DD}
	EndGlobalSection
EndGlobal
